Microsoft Visual Studio Solution File, Format Version 12.00
# Visual Studio 2012
Project("{FAE04EC0-301F-11D3-BF4B-00C04F79EFBC}") = "Godot RPG Project", "Godot RPG Project.csproj", "{6F9C7A65-5DFD-4BE1-B085-6F9E3EB923B4}"
EndProject
Global
	GlobalSection(SolutionConfigurationPlatforms) = preSolution
	Debug|Any CPU = Debug|Any CPU
	ExportDebug|Any CPU = ExportDebug|Any CPU
	ExportRelease|Any CPU = ExportRelease|Any CPU
	EndGlobalSection
	GlobalSection(ProjectConfigurationPlatforms) = postSolution
		{6F9C7A65-5DFD-4BE1-B085-6F9E3EB923B4}.Debug|Any CPU.ActiveCfg = Debug|Any CPU
		{6F9C7A65-5DFD-4BE1-B085-6F9E3EB923B4}.Debug|Any CPU.Build.0 = Debug|Any CPU
		{6F9C7A65-5DFD-4BE1-B085-6F9E3EB923B4}.ExportDebug|Any CPU.ActiveCfg = ExportDebug|Any CPU
		{6F9C7A65-5DFD-4BE1-B085-6F9E3EB923B4}.ExportDebug|Any CPU.Build.0 = ExportDebug|Any CPU
		{6F9C7A65-5DFD-4BE1-B085-6F9E3EB923B4}.ExportRelease|Any CPU.ActiveCfg = ExportRelease|Any CPU
		{6F9C7A65-5DFD-4BE1-B085-6F9E3EB923B4}.ExportRelease|Any CPU.Build.0 = ExportRelease|Any CPU
	EndGlobalSection
EndGlobal
